<?xml version="1.0" encoding="utf-8"?>
<Project ToolsVersion="4.0" xmlns="http://schemas.microsoft.com/developer/msbuild/2003">
  <ItemGroup>
    <Filter Include="Problems">
      <UniqueIdentifier>{a2b328cf-d63b-46ba-ba75-a4ae18f1ab31}</UniqueIdentifier>
    </Filter>
  </ItemGroup>
  <ItemGroup>
    <ClCompile Include="Problems\01_TwoSum.cpp">
      <Filter>Problems</Filter>
    </ClCompile>
    <ClCompile Include="Problems\02_AddTwoNumbers.cpp">
      <Filter>Problems</Filter>
    </ClCompile>
    <ClCompile Include="Problems\852_PeakIndexInAMountainArray.cpp">
      <Filter>Problems</Filter>
    </ClCompile>
    <ClCompile Include="03_LongestSubstringWithoutRepeatingCharacters.cpp">
      <Filter>Problems</Filter>
    </ClCompile>
    <ClCompile Include="Problems\1870_MinimumSpeedtoArriveonTime.cpp">
      <Filter>Problems</Filter>
    </ClCompile>
    <ClCompile Include="486_PredictTheWinner.cpp">
      <Filter>Problems</Filter>
    </ClCompile>
    <ClCompile Include="04_MedianOfTwoSortedArrays.cpp">
      <Filter>Problems</Filter>
    </ClCompile>
    <ClCompile Include="Problems\09_PalindromeNumber.cpp">
      <Filter>Problems</Filter>
    </ClCompile>
    <ClCompile Include="Problems\11_ContainerWithMostWater.cpp">
      <Filter>Problems</Filter>
    </ClCompile>
    <ClCompile Include="Problems\27_RemoveElement.cpp">
      <Filter>Problems</Filter>
    </ClCompile>
    <ClCompile Include="Problems\29_DivideTwoIntegers.cpp">
      <Filter>Problems</Filter>
    </ClCompile>
    <ClCompile Include="Problems\35_SearchInsertPosition.cpp">
      <Filter>Problems</Filter>
    </ClCompile>
    <ClCompile Include="Problems\46_Permutations.cpp">
      <Filter>Problems</Filter>
    </ClCompile>
    <ClCompile Include="06_ZigzagConversion.cpp">
      <Filter>Problems</Filter>
    </ClCompile>
    <ClCompile Include="Problems\07_ReverseInteger.cpp">
      <Filter>Problems</Filter>
    </ClCompile>
    <ClCompile Include="Problems\66_PlusOne.cpp">
      <Filter>Problems</Filter>
    </ClCompile>
    <ClCompile Include="Problems\2616_MinimizeTheMaximumDifferenceOfPairs.cpp">
      <Filter>Problems</Filter>
    </ClCompile>
    <ClCompile Include="Problems\81_SearchInRotatedSortedArrayII.cpp">
      <Filter>Problems</Filter>
    </ClCompile>
    <ClCompile Include="Problems\518_CoinChangeII.cpp">
      <Filter>Problems</Filter>
    </ClCompile>
    <ClCompile Include="Problems\63_UniquePathsII.cpp">
      <Filter>Problems</Filter>
    </ClCompile>
    <ClCompile Include="Problems\2369_CheckIfThereIsAValidPartitionForTheArray.cpp">
      <Filter>Problems</Filter>
    </ClCompile>
    <ClCompile Include="Problems\215_KthLargestElementInAnArray.cpp">
      <Filter>Problems</Filter>
    </ClCompile>
    <ClCompile Include="Problems\86_PartitionList.cpp">
      <Filter>Problems</Filter>
    </ClCompile>
    <ClCompile Include="Problems\239_SlidingWindowMaximum.cpp">
      <Filter>Problems</Filter>
    </ClCompile>
    <ClCompile Include="Problems\542_01_Matrix.cpp">
      <Filter>Problems</Filter>
    </ClCompile>
    <ClCompile Include="Problems\1615_MaximalNetworkRank.cpp">
      <Filter>Problems</Filter>
    </ClCompile>
    <ClCompile Include="Problems\1489_FindCriticalAndPseudoCriticalEdgesInMinimumSpanningTree.cpp">
      <Filter>Problems</Filter>
    </ClCompile>
    <ClCompile Include="Problems\1584_MinCostToConnectAllPoints.cpp">
      <Filter>Problems</Filter>
    </ClCompile>
    <ClCompile Include="Problems\1114_PrintInOrder.cpp">
      <Filter>Problems</Filter>
    </ClCompile>
    <ClCompile Include="Problems\1195_FizzBuzzMultithreaded.cpp">
      <Filter>Problems</Filter>
    </ClCompile>
    <ClCompile Include="Problems\1115_PrintFooBarAlternately.cpp">
      <Filter>Problems</Filter>
    </ClCompile>
    <ClCompile Include="Problems\459_RepeatedSubstringPattern.cpp">
      <Filter>Problems</Filter>
    </ClCompile>
    <ClCompile Include="Problems\1116_PrintZeroEvenOdd.cpp">
      <Filter>Problems</Filter>
    </ClCompile>
  </ItemGroup>
</Project>